
Microsoft Visual Studio Solution File, Format Version 12.00
# Visual Studio Version 17
VisualStudioVersion = 17.3.32922.545
MinimumVisualStudioVersion = 10.0.40219.1
Project("{FAE04EC0-301F-11D3-BF4B-00C04F79EFBC}") = "PerformanceCeck", "PerformanceCeck\PerformanceCeck.csproj", "{65738CEF-AE42-4CA0-BD5E-494DE070D2FD}"
EndProject
Global
	GlobalSection(SolutionConfigurationPlatforms) = preSolution
		Debug|Any CPU = Debug|Any CPU
		Release|Any CPU = Release|Any CPU
	EndGlobalSection
	GlobalSection(ProjectConfigurationPlatforms) = postSolution
		{65738CEF-AE42-4CA0-BD5E-494DE070D2FD}.Debug|Any CPU.ActiveCfg = Debug|Any CPU
		{65738CEF-AE42-4CA0-BD5E-494DE070D2FD}.Debug|Any CPU.Build.0 = Debug|Any CPU
		{65738CEF-AE42-4CA0-BD5E-494DE070D2FD}.Release|Any CPU.ActiveCfg = Release|Any CPU
		{65738CEF-AE42-4CA0-BD5E-494DE070D2FD}.Release|Any CPU.Build.0 = Release|Any CPU
	EndGlobalSection
	GlobalSection(SolutionProperties) = preSolution
		HideSolutionNode = FALSE
	EndGlobalSection
	GlobalSection(ExtensibilityGlobals) = postSolution
		SolutionGuid = {8BE7931F-4ED8-4950-A7DA-4F824496BE98}
	EndGlobalSection
EndGlobal
